
Microsoft Visual Studio Solution File, Format Version 12.00
# Visual Studio Version 17
VisualStudioVersion = 17.6.33829.357
MinimumVisualStudioVersion = 10.0.40219.1
Project("{FAE04EC0-301F-11D3-BF4B-00C04F79EFBC}") = "WebScraper", "WebScraper\WebScraper.csproj", "{F5E21138-E6E7-464C-BA7B-B090B2F0CB29}"
EndProject
Global
	GlobalSection(SolutionConfigurationPlatforms) = preSolution
		Debug|Any CPU = Debug|Any CPU
		Release|Any CPU = Release|Any CPU
	EndGlobalSection
	GlobalSection(ProjectConfigurationPlatforms) = postSolution
		{F5E21138-E6E7-464C-BA7B-B090B2F0CB29}.Debug|Any CPU.ActiveCfg = Debug|Any CPU
		{F5E21138-E6E7-464C-BA7B-B090B2F0CB29}.Debug|Any CPU.Build.0 = Debug|Any CPU
		{F5E21138-E6E7-464C-BA7B-B090B2F0CB29}.Release|Any CPU.ActiveCfg = Release|Any CPU
		{F5E21138-E6E7-464C-BA7B-B090B2F0CB29}.Release|Any CPU.Build.0 = Release|Any CPU
	EndGlobalSection
	GlobalSection(SolutionProperties) = preSolution
		HideSolutionNode = FALSE
	EndGlobalSection
	GlobalSection(ExtensibilityGlobals) = postSolution
		SolutionGuid = {70562AAB-DAAF-45FA-9238-C7D27D3DDC0E}
	EndGlobalSection
EndGlobal
